<?xml version="1.0" encoding="UTF-8"?>
<Scheme
   version = "1.3">
   <BuildAction>
      <BuildActionEntries>
         <BuildActionEntry
            buildForRunning = "YES">
            <BuildableReference
               BuildableIdentifier = "primary"
               BlueprintIdentifier = "95EE117F28886BAE00D0C12E"
               BuildableName = "Cryptocurrency.app"
               BlueprintName = "Cryptocurrency (iOS)"
               ReferencedContainer = "container:Cryptocurrency.xcodeproj">
            </BuildableReference>
         </BuildActionEntry>
      </BuildActionEntries>
   </BuildAction>
   <LaunchAction
      useCustomWorkingDirectory = "NO"
      buildConfiguration = "Debug"
      allowLocationSimulation = "YES">
      <BuildableProductRunnable>
         <BuildableReference
            BuildableIdentifier = "primary"
            BlueprintIdentifier = "95EE117F28886BAE00D0C12E"
            BuildableName = "Cryptocurrency.app"
            BlueprintName = "Cryptocurrency (iOS)"
            ReferencedContainer = "container:Cryptocurrency.xcodeproj">
         </BuildableReference>
      </BuildableProductRunnable>
   </LaunchAction>
</Scheme>
