// !$*UTF8*$!
{
	archiveVersion = 1;
	classes = {
	};
	objectVersion = 55;
	objects = {

/* Begin PBXBuildFile section */
		E4057ACA28872DFA0039AA66 /* VirtualBuySellView.swift in Sources */ = {isa = PBXBuildFile; fileRef = E4057AC928872DFA0039AA66 /* VirtualBuySellView.swift */; };
		E41DEE14287CB6030057EC6D /* CryptoAppApp.swift in Sources */ = {isa = PBXBuildFile; fileRef = E41DEE13287CB6030057EC6D /* CryptoAppApp.swift */; };
		E41DEE16287CB6030057EC6D /* ContentView.swift in Sources */ = {isa = PBXBuildFile; fileRef = E41DEE15287CB6030057EC6D /* ContentView.swift */; };
		E41DEE18287CB6050057EC6D /* Assets.xcassets in Resources */ = {isa = PBXBuildFile; fileRef = E41DEE17287CB6050057EC6D /* Assets.xcassets */; };
		E41DEE1B287CB6050057EC6D /* Preview Assets.xcassets in Resources */ = {isa = PBXBuildFile; fileRef = E41DEE1A287CB6050057EC6D /* Preview Assets.xcassets */; };
		E41DEE22287CB75F0057EC6D /* CoinExchangeRatioView.swift in Sources */ = {isa = PBXBuildFile; fileRef = E41DEE21287CB75E0057EC6D /* CoinExchangeRatioView.swift */; };
		E41DEE24287CB9440057EC6D /* VirtualTradingView.swift in Sources */ = {isa = PBXBuildFile; fileRef = E41DEE23287CB9440057EC6D /* VirtualTradingView.swift */; };
/* End PBXBuildFile section */

/* Begin PBXFileReference section */
		E4057AC928872DFA0039AA66 /* VirtualBuySellView.swift */ = {isa = PBXFileReference; lastKnownFileType = sourcecode.swift; path = VirtualBuySellView.swift; sourceTree = "<group>"; };
		E41DEE10287CB6030057EC6D /* CryptoApp.app */ = {isa = PBXFileReference; explicitFileType = wrapper.application; includeInIndex = 0; path = CryptoApp.app; sourceTree = BUILT_PRODUCTS_DIR; };
		E41DEE13287CB6030057EC6D /* CryptoAppApp.swift */ = {isa = PBXFileReference; lastKnownFileType = sourcecode.swift; path = CryptoAppApp.swift; sourceTree = "<group>"; };
		E41DEE15287CB6030057EC6D /* ContentView.swift */ = {isa = PBXFileReference; lastKnownFileType = sourcecode.swift; path = ContentView.swift; sourceTree = "<group>"; };
		E41DEE17287CB6050057EC6D /* Assets.xcassets */ = {isa = PBXFileReference; lastKnownFileType = folder.assetcatalog; path = Assets.xcassets; sourceTree = "<group>"; };
		E41DEE1A287CB6050057EC6D /* Preview Assets.xcassets */ = {isa = PBXFileReference; lastKnownFileType = folder.assetcatalog; path = "Preview Assets.xcassets"; sourceTree = "<group>"; };
		E41DEE21287CB75E0057EC6D /* CoinExchangeRatioView.swift */ = {isa = PBXFileReference; lastKnownFileType = sourcecode.swift; path = CoinExchangeRatioView.swift; sourceTree = "<group>"; };
		E41DEE23287CB9440057EC6D /* VirtualTradingView.swift */ = {isa = PBXFileReference; lastKnownFileType = sourcecode.swift; path = VirtualTradingView.swift; sourceTree = "<group>"; };
/* End PBXFileReference section */

/* Begin PBXFrameworksBuildPhase section */
		E41DEE0D287CB6030057EC6D /* Frameworks */ = {
			isa = PBXFrameworksBuildPhase;
			buildActionMask = 2147483647;
			files = (
			);
			runOnlyForDeploymentPostprocessing = 0;
		};
/* End PBXFrameworksBuildPhase section */

/* Begin PBXGroup section */
		E41DEE07287CB6030057EC6D = {
			isa = PBXGroup;
			children = (
				E41DEE12287CB6030057EC6D /* CryptoApp */,
				E41DEE11287CB6030057EC6D /* Products */,
			);
			sourceTree = "<group>";
		};
		E41DEE11287CB6030057EC6D /* Products */ = {
			isa = PBXGroup;
			children = (
				E41DEE10287CB6030057EC6D /* CryptoApp.app */,
			);
			name = Products;
			sourceTree = "<group>";
		};
		E41DEE12287CB6030057EC6D /* CryptoApp */ = {
			isa = PBXGroup;
			children = (
				E41DEE13287CB6030057EC6D /* CryptoAppApp.swift */,
				E41DEE15287CB6030057EC6D /* ContentView.swift */,
				E4057AC928872DFA0039AA66 /* VirtualBuySellView.swift */,
				E41DEE23287CB9440057EC6D /* VirtualTradingView.swift */,
				E41DEE21287CB75E0057EC6D /* CoinExchangeRatioView.swift */,
				E41DEE17287CB6050057EC6D /* Assets.xcassets */,
				E41DEE19287CB6050057EC6D /* Preview Content */,
			);
			path = CryptoApp;
			sourceTree = "<group>";
		};
		E41DEE19287CB6050057EC6D /* Preview Content */ = {
			isa = PBXGroup;
			children = (
				E41DEE1A287CB6050057EC6D /* Preview Assets.xcassets */,
			);
			path = "Preview Content";
			sourceTree = "<group>";
		};
/* End PBXGroup section */

/* Begin PBXNativeTarget section */
		E41DEE0F287CB6030057EC6D /* CryptoApp */ = {
			isa = PBXNativeTarget;
			buildConfigurationList = E41DEE1E287CB6050057EC6D /* Build configuration list for PBXNativeTarget "CryptoApp" */;
			buildPhases = (
				E41DEE0C287CB6030057EC6D /* Sources */,
				E41DEE0D287CB6030057EC6D /* Frameworks */,
				E41DEE0E287CB6030057EC6D /* Resources */,
			);
			buildRules = (
			);
			dependencies = (
			);
			name = CryptoApp;
			productName = CryptoApp;
			productReference = E41DEE10287CB6030057EC6D /* CryptoApp.app */;
			productType = "com.apple.product-type.application";
		};
/* End PBXNativeTarget section */

/* Begin PBXProject section */
		E41DEE08287CB6030057EC6D /* Project object */ = {
			isa = PBXProject;
			attributes = {
				BuildIndependentTargetsInParallel = 1;
				LastSwiftUpdateCheck = 1340;
				LastUpgradeCheck = 1340;
				TargetAttributes = {
					E41DEE0F287CB6030057EC6D = {
						CreatedOnToolsVersion = 13.4.1;
					};
				};
			};
			buildConfigurationList = E41DEE0B287CB6030057EC6D /* Build configuration list for PBXProject "CryptoApp" */;
			compatibilityVersion = "Xcode 13.0";
			developmentRegion = en;
			hasScannedForEncodings = 0;
			knownRegions = (
				en,
				Base,
			);
			mainGroup = E41DEE07287CB6030057EC6D;
			productRefGroup = E41DEE11287CB6030057EC6D /* Products */;
			projectDirPath = "";
			projectRoot = "";
			targets = (
				E41DEE0F287CB6030057EC6D /* CryptoApp */,
			);
		};
/* End PBXProject section */

/* Begin PBXResourcesBuildPhase section */
		E41DEE0E287CB6030057EC6D /* Resources */ = {
			isa = PBXResourcesBuildPhase;
			buildActionMask = 2147483647;
			files = (
				E41DEE1B287CB6050057EC6D /* Preview Assets.xcassets in Resources */,
				E41DEE18287CB6050057EC6D /* Assets.xcassets in Resources */,
			);
			runOnlyForDeploymentPostprocessing = 0;
		};
/* End PBXResourcesBuildPhase section */

/* Begin PBXSourcesBuildPhase section */
		E41DEE0C287CB6030057EC6D /* Sources */ = {
			isa = PBXSourcesBuildPhase;
			buildActionMask = 2147483647;
			files = (
				E41DEE16287CB6030057EC6D /* ContentView.swift in Sources */,
				E41DEE14287CB6030057EC6D /* CryptoAppApp.swift in Sources */,
				E41DEE24287CB9440057EC6D /* VirtualTradingView.swift in Sources */,
				E41DEE22287CB75F0057EC6D /* CoinExchangeRatioView.swift in Sources */,
				E4057ACA28872DFA0039AA66 /* VirtualBuySellView.swift in Sources */,
			);
			runOnlyForDeploymentPostprocessing = 0;
		};
/* End PBXSourcesBuildPhase section */

/* Begin XCBuildConfiguration section */
		E41DEE1C287CB6050057EC6D /* Debug */ = {
			isa = XCBuildConfiguration;
			buildSettings = {
				ALWAYS_SEARCH_USER_PATHS = NO;
				CLANG_ANALYZER_NONNULL = YES;
				CLANG_ANALYZER_NUMBER_OBJECT_CONVERSION = YES_AGGRESSIVE;
				CLANG_CXX_LANGUAGE_STANDARD = "gnu++17";
				CLANG_ENABLE_MODULES = YES;
				CLANG_ENABLE_OBJC_ARC = YES;
				CLANG_ENABLE_OBJC_WEAK = YES;
				CLANG_WARN_BLOCK_CAPTURE_AUTORELEASING = YES;
				CLANG_WARN_BOOL_CONVERSION = YES;
				CLANG_WARN_COMMA = YES;
				CLANG_WARN_CONSTANT_CONVERSION = YES;
				CLANG_WARN_DEPRECATED_OBJC_IMPLEMENTATIONS = YES;
				CLANG_WARN_DIRECT_OBJC_ISA_USAGE = YES_ERROR;
				CLANG_WARN_DOCUMENTATION_COMMENTS = YES;
				CLANG_WARN_EMPTY_BODY = YES;
				CLANG_WARN_ENUM_CONVERSION = YES;
				CLANG_WARN_INFINITE_RECURSION = YES;
				CLANG_WARN_INT_CONVERSION = YES;
				CLANG_WARN_NON_LITERAL_NULL_CONVERSION = YES;
				CLANG_WARN_OBJC_IMPLICIT_RETAIN_SELF = YES;
				CLANG_WARN_OBJC_LITERAL_CONVERSION = YES;
				CLANG_WARN_OBJC_ROOT_CLASS = YES_ERROR;
				CLANG_WARN_QUOTED_INCLUDE_IN_FRAMEWORK_HEADER = YES;
				CLANG_WARN_RANGE_LOOP_ANALYSIS = YES;
				CLANG_WARN_STRICT_PROTOTYPES = YES;
				CLANG_WARN_SUSPICIOUS_MOVE = YES;
				CLANG_WARN_UNGUARDED_AVAILABILITY = YES_AGGRESSIVE;
				CLANG_WARN_UNREACHABLE_CODE = YES;
				CLANG_WARN__DUPLICATE_METHOD_MATCH = YES;
				COPY_PHASE_STRIP = NO;
				DEBUG_INFORMATION_FORMAT = dwarf;
				ENABLE_STRICT_OBJC_MSGSEND = YES;
				ENABLE_TESTABILITY = YES;
				GCC_C_LANGUAGE_STANDARD = gnu11;
				GCC_DYNAMIC_NO_PIC = NO;
				GCC_NO_COMMON_BLOCKS = YES;
				GCC_OPTIMIZATION_LEVEL = 0;
				GCC_PREPROCESSOR_DEFINITIONS = (
					"DEBUG=1",
					"$(inherited)",
				);
				GCC_WARN_64_TO_32_BIT_CONVERSION = YES;
				GCC_WARN_ABOUT_RETURN_TYPE = YES_ERROR;
				GCC_WARN_UNDECLARED_SELECTOR = YES;
				GCC_WARN_UNINITIALIZED_AUTOS = YES_AGGRESSIVE;
				GCC_WARN_UNUSED_FUNCTION = YES;
				GCC_WARN_UNUSED_VARIABLE = YES;
				IPHONEOS_DEPLOYMENT_TARGET = 15.5;
				MTL_ENABLE_DEBUG_INFO = INCLUDE_SOURCE;
				MTL_FAST_MATH = YES;
				ONLY_ACTIVE_ARCH = YES;
				SDKROOT = iphoneos;
				SWIFT_ACTIVE_COMPILATION_CONDITIONS = DEBUG;
				SWIFT_OPTIMIZATION_LEVEL = "-Onone";
			};
			name = Debug;
		};
		E41DEE1D287CB6050057EC6D /* Release */ = {
			isa = XCBuildConfiguration;
			buildSettings = {
				ALWAYS_SEARCH_USER_PATHS = NO;
				CLANG_ANALYZER_NONNULL = YES;
				CLANG_ANALYZER_NUMBER_OBJECT_CONVERSION = YES_AGGRESSIVE;
				CLANG_CXX_LANGUAGE_STANDARD = "gnu++17";
				CLANG_ENABLE_MODULES = YES;
				CLANG_ENABLE_OBJC_ARC = YES;
				CLANG_ENABLE_OBJC_WEAK = YES;
				CLANG_WARN_BLOCK_CAPTURE_AUTORELEASING = YES;
				CLANG_WARN_BOOL_CONVERSION = YES;
				CLANG_WARN_COMMA = YES;
				CLANG_WARN_CONSTANT_CONVERSION = YES;
				CLANG_WARN_DEPRECATED_OBJC_IMPLEMENTATIONS = YES;
				CLANG_WARN_DIRECT_OBJC_ISA_USAGE = YES_ERROR;
				CLANG_WARN_DOCUMENTATION_COMMENTS = YES;
				CLANG_WARN_EMPTY_BODY = YES;
				CLANG_WARN_ENUM_CONVERSION = YES;
				CLANG_WARN_INFINITE_RECURSION = YES;
				CLANG_WARN_INT_CONVERSION = YES;
				CLANG_WARN_NON_LITERAL_NULL_CONVERSION = YES;
				CLANG_WARN_OBJC_IMPLICIT_RETAIN_SELF = YES;
				CLANG_WARN_OBJC_LITERAL_CONVERSION = YES;
				CLANG_WARN_OBJC_ROOT_CLASS = YES_ERROR;
				CLANG_WARN_QUOTED_INCLUDE_IN_FRAMEWORK_HEADER = YES;
				CLANG_WARN_RANGE_LOOP_ANALYSIS = YES;
				CLANG_WARN_STRICT_PROTOTYPES = YES;
				CLANG_WARN_SUSPICIOUS_MOVE = YES;
				CLANG_WARN_UNGUARDED_AVAILABILITY = YES_AGGRESSIVE;
				CLANG_WARN_UNREACHABLE_CODE = YES;
				CLANG_WARN__DUPLICATE_METHOD_MATCH = YES;
				COPY_PHASE_STRIP = NO;
				DEBUG_INFORMATION_FORMAT = "dwarf-with-dsym";
				ENABLE_NS_ASSERTIONS = NO;
				ENABLE_STRICT_OBJC_MSGSEND = YES;
				GCC_C_LANGUAGE_STANDARD = gnu11;
				GCC_NO_COMMON_BLOCKS = YES;
				GCC_WARN_64_TO_32_BIT_CONVERSION = YES;
				GCC_WARN_ABOUT_RETURN_TYPE = YES_ERROR;
				GCC_WARN_UNDECLARED_SELECTOR = YES;
				GCC_WARN_UNINITIALIZED_AUTOS = YES_AGGRESSIVE;
				GCC_WARN_UNUSED_FUNCTION = YES;
				GCC_WARN_UNUSED_VARIABLE = YES;
				IPHONEOS_DEPLOYMENT_TARGET = 15.5;
				MTL_ENABLE_DEBUG_INFO = NO;
				MTL_FAST_MATH = YES;
				SDKROOT = iphoneos;
				SWIFT_COMPILATION_MODE = wholemodule;
				SWIFT_OPTIMIZATION_LEVEL = "-O";
				VALIDATE_PRODUCT = YES;
			};
			name = Release;
		};
		E41DEE1F287CB6050057EC6D /* Debug */ = {
			isa = XCBuildConfiguration;
			buildSettings = {
				ASSETCATALOG_COMPILER_APPICON_NAME = AppIcon;
				ASSETCATALOG_COMPILER_GLOBAL_ACCENT_COLOR_NAME = AccentColor;
				CODE_SIGN_STYLE = Automatic;
				CURRENT_PROJECT_VERSION = 1;
				DEVELOPMENT_ASSET_PATHS = "\"CryptoApp/Preview Content\"";
				DEVELOPMENT_TEAM = 85567P2UGV;
				ENABLE_PREVIEWS = YES;
				GENERATE_INFOPLIST_FILE = YES;
				INFOPLIST_KEY_UIApplicationSceneManifest_Generation = YES;
				INFOPLIST_KEY_UIApplicationSupportsIndirectInputEvents = YES;
				INFOPLIST_KEY_UILaunchScreen_Generation = YES;
				INFOPLIST_KEY_UISupportedInterfaceOrientations_iPad = "UIInterfaceOrientationPortrait UIInterfaceOrientationPortraitUpsideDown UIInterfaceOrientationLandscapeLeft UIInterfaceOrientationLandscapeRight";
				INFOPLIST_KEY_UISupportedInterfaceOrientations_iPhone = "UIInterfaceOrientationPortrait UIInterfaceOrientationLandscapeLeft UIInterfaceOrientationLandscapeRight";
				LD_RUNPATH_SEARCH_PATHS = (
					"$(inherited)",
					"@executable_path/Frameworks",
				);
				MARKETING_VERSION = 1.0;
				PRODUCT_BUNDLE_IDENTIFIER = com.shayan.CryptoApp;
				PRODUCT_NAME = "$(TARGET_NAME)";
				SWIFT_EMIT_LOC_STRINGS = YES;
				SWIFT_VERSION = 5.0;
				TARGETED_DEVICE_FAMILY = "1,2";
			};
			name = Debug;
		};
		E41DEE20287CB6050057EC6D /* Release */ = {
			isa = XCBuildConfiguration;
			buildSettings = {
				ASSETCATALOG_COMPILER_APPICON_NAME = AppIcon;
				ASSETCATALOG_COMPILER_GLOBAL_ACCENT_COLOR_NAME = AccentColor;
				CODE_SIGN_STYLE = Automatic;
				CURRENT_PROJECT_VERSION = 1;
				DEVELOPMENT_ASSET_PATHS = "\"CryptoApp/Preview Content\"";
				DEVELOPMENT_TEAM = 85567P2UGV;
				ENABLE_PREVIEWS = YES;
				GENERATE_INFOPLIST_FILE = YES;
				INFOPLIST_KEY_UIApplicationSceneManifest_Generation = YES;
				INFOPLIST_KEY_UIApplicationSupportsIndirectInputEvents = YES;
				INFOPLIST_KEY_UILaunchScreen_Generation = YES;
				INFOPLIST_KEY_UISupportedInterfaceOrientations_iPad = "UIInterfaceOrientationPortrait UIInterfaceOrientationPortraitUpsideDown UIInterfaceOrientationLandscapeLeft UIInterfaceOrientationLandscapeRight";
				INFOPLIST_KEY_UISupportedInterfaceOrientations_iPhone = "UIInterfaceOrientationPortrait UIInterfaceOrientationLandscapeLeft UIInterfaceOrientationLandscapeRight";
				LD_RUNPATH_SEARCH_PATHS = (
					"$(inherited)",
					"@executable_path/Frameworks",
				);
				MARKETING_VERSION = 1.0;
				PRODUCT_BUNDLE_IDENTIFIER = com.shayan.CryptoApp;
				PRODUCT_NAME = "$(TARGET_NAME)";
				SWIFT_EMIT_LOC_STRINGS = YES;
				SWIFT_VERSION = 5.0;
				TARGETED_DEVICE_FAMILY = "1,2";
			};
			name = Release;
		};
/* End XCBuildConfiguration section */

/* Begin XCConfigurationList section */
		E41DEE0B287CB6030057EC6D /* Build configuration list for PBXProject "CryptoApp" */ = {
			isa = XCConfigurationList;
			buildConfigurations = (
				E41DEE1C287CB6050057EC6D /* Debug */,
				E41DEE1D287CB6050057EC6D /* Release */,
			);
			defaultConfigurationIsVisible = 0;
			defaultConfigurationName = Release;
		};
		E41DEE1E287CB6050057EC6D /* Build configuration list for PBXNativeTarget "CryptoApp" */ = {
			isa = XCConfigurationList;
			buildConfigurations = (
				E41DEE1F287CB6050057EC6D /* Debug */,
				E41DEE20287CB6050057EC6D /* Release */,
			);
			defaultConfigurationIsVisible = 0;
			defaultConfigurationName = Release;
		};
/* End XCConfigurationList section */
	};
	rootObject = E41DEE08287CB6030057EC6D /* Project object */;
}
