// !$*UTF8*$!
{
	archiveVersion = 1;
	classes = {
	};
	objectVersion = 55;
	objects = {

/* Begin PBXBuildFile section */
		95EE118928886BAE00D0C12E /* Cryptocurrency.xcdatamodeld in Sources */ = {isa = PBXBuildFile; fileRef = 95EE117628886BAD00D0C12E /* Cryptocurrency.xcdatamodeld */; };
		95EE118A28886BAE00D0C12E /* Cryptocurrency.xcdatamodeld in Sources */ = {isa = PBXBuildFile; fileRef = 95EE117628886BAD00D0C12E /* Cryptocurrency.xcdatamodeld */; };
		95EE118B28886BAE00D0C12E /* CryptocurrencyApp.swift in Sources */ = {isa = PBXBuildFile; fileRef = 95EE117828886BAD00D0C12E /* CryptocurrencyApp.swift */; };
		95EE118C28886BAE00D0C12E /* CryptocurrencyApp.swift in Sources */ = {isa = PBXBuildFile; fileRef = 95EE117828886BAD00D0C12E /* CryptocurrencyApp.swift */; };
		95EE118D28886BAE00D0C12E /* ContentView.swift in Sources */ = {isa = PBXBuildFile; fileRef = 95EE117928886BAD00D0C12E /* ContentView.swift */; };
		95EE118E28886BAE00D0C12E /* ContentView.swift in Sources */ = {isa = PBXBuildFile; fileRef = 95EE117928886BAD00D0C12E /* ContentView.swift */; };
		95EE118F28886BAE00D0C12E /* Persistence.swift in Sources */ = {isa = PBXBuildFile; fileRef = 95EE117A28886BAD00D0C12E /* Persistence.swift */; };
		95EE119028886BAE00D0C12E /* Persistence.swift in Sources */ = {isa = PBXBuildFile; fileRef = 95EE117A28886BAD00D0C12E /* Persistence.swift */; };
		95EE119128886BAE00D0C12E /* Assets.xcassets in Resources */ = {isa = PBXBuildFile; fileRef = 95EE117B28886BAE00D0C12E /* Assets.xcassets */; };
		95EE119228886BAE00D0C12E /* Assets.xcassets in Resources */ = {isa = PBXBuildFile; fileRef = 95EE117B28886BAE00D0C12E /* Assets.xcassets */; };
		95EE119C28886CF200D0C12E /* VirtualBuySellView.swift in Sources */ = {isa = PBXBuildFile; fileRef = 95EE119B28886CF200D0C12E /* VirtualBuySellView.swift */; };
		95EE119D28886CF200D0C12E /* VirtualBuySellView.swift in Sources */ = {isa = PBXBuildFile; fileRef = 95EE119B28886CF200D0C12E /* VirtualBuySellView.swift */; };
		95EE119F28886D3800D0C12E /* VirtualTradingView.swift in Sources */ = {isa = PBXBuildFile; fileRef = 95EE119E28886D3800D0C12E /* VirtualTradingView.swift */; };
		95EE11A028886D3800D0C12E /* VirtualTradingView.swift in Sources */ = {isa = PBXBuildFile; fileRef = 95EE119E28886D3800D0C12E /* VirtualTradingView.swift */; };
		95EE11A228886D6E00D0C12E /* CoinExchangeRatioView.swift in Sources */ = {isa = PBXBuildFile; fileRef = 95EE11A128886D6E00D0C12E /* CoinExchangeRatioView.swift */; };
		95EE11A328886D6E00D0C12E /* CoinExchangeRatioView.swift in Sources */ = {isa = PBXBuildFile; fileRef = 95EE11A128886D6E00D0C12E /* CoinExchangeRatioView.swift */; };
/* End PBXBuildFile section */

/* Begin PBXFileReference section */
		95EE117728886BAD00D0C12E /* Shared.xcdatamodel */ = {isa = PBXFileReference; lastKnownFileType = wrapper.xcdatamodel; path = Shared.xcdatamodel; sourceTree = "<group>"; };
		95EE117828886BAD00D0C12E /* CryptocurrencyApp.swift */ = {isa = PBXFileReference; lastKnownFileType = sourcecode.swift; path = CryptocurrencyApp.swift; sourceTree = "<group>"; };
		95EE117928886BAD00D0C12E /* ContentView.swift */ = {isa = PBXFileReference; lastKnownFileType = sourcecode.swift; path = ContentView.swift; sourceTree = "<group>"; };
		95EE117A28886BAD00D0C12E /* Persistence.swift */ = {isa = PBXFileReference; lastKnownFileType = sourcecode.swift; path = Persistence.swift; sourceTree = "<group>"; };
		95EE117B28886BAE00D0C12E /* Assets.xcassets */ = {isa = PBXFileReference; lastKnownFileType = folder.assetcatalog; path = Assets.xcassets; sourceTree = "<group>"; };
		95EE118028886BAE00D0C12E /* Cryptocurrency.app */ = {isa = PBXFileReference; explicitFileType = wrapper.application; includeInIndex = 0; path = Cryptocurrency.app; sourceTree = BUILT_PRODUCTS_DIR; };
		95EE118628886BAE00D0C12E /* Cryptocurrency.app */ = {isa = PBXFileReference; explicitFileType = wrapper.application; includeInIndex = 0; path = Cryptocurrency.app; sourceTree = BUILT_PRODUCTS_DIR; };
		95EE118828886BAE00D0C12E /* macOS.entitlements */ = {isa = PBXFileReference; lastKnownFileType = text.plist.entitlements; path = macOS.entitlements; sourceTree = "<group>"; };
		95EE119B28886CF200D0C12E /* VirtualBuySellView.swift */ = {isa = PBXFileReference; lastKnownFileType = sourcecode.swift; path = VirtualBuySellView.swift; sourceTree = "<group>"; };
		95EE119E28886D3800D0C12E /* VirtualTradingView.swift */ = {isa = PBXFileReference; lastKnownFileType = sourcecode.swift; path = VirtualTradingView.swift; sourceTree = "<group>"; };
		95EE11A128886D6E00D0C12E /* CoinExchangeRatioView.swift */ = {isa = PBXFileReference; lastKnownFileType = sourcecode.swift; path = CoinExchangeRatioView.swift; sourceTree = "<group>"; };
/* End PBXFileReference section */

/* Begin PBXFrameworksBuildPhase section */
		95EE117D28886BAE00D0C12E /* Frameworks */ = {
			isa = PBXFrameworksBuildPhase;
			buildActionMask = 2147483647;
			files = (
			);
			runOnlyForDeploymentPostprocessing = 0;
		};
		95EE118328886BAE00D0C12E /* Frameworks */ = {
			isa = PBXFrameworksBuildPhase;
			buildActionMask = 2147483647;
			files = (
			);
			runOnlyForDeploymentPostprocessing = 0;
		};
/* End PBXFrameworksBuildPhase section */

/* Begin PBXGroup section */
		95EE117028886BAD00D0C12E = {
			isa = PBXGroup;
			children = (
				95EE117528886BAD00D0C12E /* Shared */,
				95EE118728886BAE00D0C12E /* macOS */,
				95EE118128886BAE00D0C12E /* Products */,
			);
			sourceTree = "<group>";
		};
		95EE117528886BAD00D0C12E /* Shared */ = {
			isa = PBXGroup;
			children = (
				95EE117828886BAD00D0C12E /* CryptocurrencyApp.swift */,
				95EE117928886BAD00D0C12E /* ContentView.swift */,
				95EE117A28886BAD00D0C12E /* Persistence.swift */,
				95EE117B28886BAE00D0C12E /* Assets.xcassets */,
				95EE117628886BAD00D0C12E /* Cryptocurrency.xcdatamodeld */,
				95EE119B28886CF200D0C12E /* VirtualBuySellView.swift */,
				95EE119E28886D3800D0C12E /* VirtualTradingView.swift */,
				95EE11A128886D6E00D0C12E /* CoinExchangeRatioView.swift */,
			);
			path = Shared;
			sourceTree = "<group>";
		};
		95EE118128886BAE00D0C12E /* Products */ = {
			isa = PBXGroup;
			children = (
				95EE118028886BAE00D0C12E /* Cryptocurrency.app */,
				95EE118628886BAE00D0C12E /* Cryptocurrency.app */,
			);
			name = Products;
			sourceTree = "<group>";
		};
		95EE118728886BAE00D0C12E /* macOS */ = {
			isa = PBXGroup;
			children = (
				95EE118828886BAE00D0C12E /* macOS.entitlements */,
			);
			path = macOS;
			sourceTree = "<group>";
		};
/* End PBXGroup section */

/* Begin PBXNativeTarget section */
		95EE117F28886BAE00D0C12E /* Cryptocurrency (iOS) */ = {
			isa = PBXNativeTarget;
			buildConfigurationList = 95EE119528886BAE00D0C12E /* Build configuration list for PBXNativeTarget "Cryptocurrency (iOS)" */;
			buildPhases = (
				95EE117C28886BAE00D0C12E /* Sources */,
				95EE117D28886BAE00D0C12E /* Frameworks */,
				95EE117E28886BAE00D0C12E /* Resources */,
			);
			buildRules = (
			);
			dependencies = (
			);
			name = "Cryptocurrency (iOS)";
			productName = "Cryptocurrency (iOS)";
			productReference = 95EE118028886BAE00D0C12E /* Cryptocurrency.app */;
			productType = "com.apple.product-type.application";
		};
		95EE118528886BAE00D0C12E /* Cryptocurrency (macOS) */ = {
			isa = PBXNativeTarget;
			buildConfigurationList = 95EE119828886BAE00D0C12E /* Build configuration list for PBXNativeTarget "Cryptocurrency (macOS)" */;
			buildPhases = (
				95EE118228886BAE00D0C12E /* Sources */,
				95EE118328886BAE00D0C12E /* Frameworks */,
				95EE118428886BAE00D0C12E /* Resources */,
			);
			buildRules = (
			);
			dependencies = (
			);
			name = "Cryptocurrency (macOS)";
			productName = "Cryptocurrency (macOS)";
			productReference = 95EE118628886BAE00D0C12E /* Cryptocurrency.app */;
			productType = "com.apple.product-type.application";
		};
/* End PBXNativeTarget section */

/* Begin PBXProject section */
		95EE117128886BAD00D0C12E /* Project object */ = {
			isa = PBXProject;
			attributes = {
				BuildIndependentTargetsInParallel = 1;
				LastSwiftUpdateCheck = 1340;
				LastUpgradeCheck = 1340;
				TargetAttributes = {
					95EE117F28886BAE00D0C12E = {
						CreatedOnToolsVersion = 13.4.1;
					};
					95EE118528886BAE00D0C12E = {
						CreatedOnToolsVersion = 13.4.1;
					};
				};
			};
			buildConfigurationList = 95EE117428886BAD00D0C12E /* Build configuration list for PBXProject "Cryptocurrency" */;
			compatibilityVersion = "Xcode 13.0";
			developmentRegion = en;
			hasScannedForEncodings = 0;
			knownRegions = (
				en,
				Base,
			);
			mainGroup = 95EE117028886BAD00D0C12E;
			productRefGroup = 95EE118128886BAE00D0C12E /* Products */;
			projectDirPath = "";
			projectRoot = "";
			targets = (
				95EE117F28886BAE00D0C12E /* Cryptocurrency (iOS) */,
				95EE118528886BAE00D0C12E /* Cryptocurrency (macOS) */,
			);
		};
/* End PBXProject section */

/* Begin PBXResourcesBuildPhase section */
		95EE117E28886BAE00D0C12E /* Resources */ = {
			isa = PBXResourcesBuildPhase;
			buildActionMask = 2147483647;
			files = (
				95EE119128886BAE00D0C12E /* Assets.xcassets in Resources */,
			);
			runOnlyForDeploymentPostprocessing = 0;
		};
		95EE118428886BAE00D0C12E /* Resources */ = {
			isa = PBXResourcesBuildPhase;
			buildActionMask = 2147483647;
			files = (
				95EE119228886BAE00D0C12E /* Assets.xcassets in Resources */,
			);
			runOnlyForDeploymentPostprocessing = 0;
		};
/* End PBXResourcesBuildPhase section */

/* Begin PBXSourcesBuildPhase section */
		95EE117C28886BAE00D0C12E /* Sources */ = {
			isa = PBXSourcesBuildPhase;
			buildActionMask = 2147483647;
			files = (
				95EE118928886BAE00D0C12E /* Cryptocurrency.xcdatamodeld in Sources */,
				95EE11A228886D6E00D0C12E /* CoinExchangeRatioView.swift in Sources */,
				95EE118F28886BAE00D0C12E /* Persistence.swift in Sources */,
				95EE119F28886D3800D0C12E /* VirtualTradingView.swift in Sources */,
				95EE118B28886BAE00D0C12E /* CryptocurrencyApp.swift in Sources */,
				95EE118D28886BAE00D0C12E /* ContentView.swift in Sources */,
				95EE119C28886CF200D0C12E /* VirtualBuySellView.swift in Sources */,
			);
			runOnlyForDeploymentPostprocessing = 0;
		};
		95EE118228886BAE00D0C12E /* Sources */ = {
			isa = PBXSourcesBuildPhase;
			buildActionMask = 2147483647;
			files = (
				95EE118A28886BAE00D0C12E /* Cryptocurrency.xcdatamodeld in Sources */,
				95EE11A328886D6E00D0C12E /* CoinExchangeRatioView.swift in Sources */,
				95EE119028886BAE00D0C12E /* Persistence.swift in Sources */,
				95EE11A028886D3800D0C12E /* VirtualTradingView.swift in Sources */,
				95EE118C28886BAE00D0C12E /* CryptocurrencyApp.swift in Sources */,
				95EE118E28886BAE00D0C12E /* ContentView.swift in Sources */,
				95EE119D28886CF200D0C12E /* VirtualBuySellView.swift in Sources */,
			);
			runOnlyForDeploymentPostprocessing = 0;
		};
/* End PBXSourcesBuildPhase section */

/* Begin XCBuildConfiguration section */
		95EE119328886BAE00D0C12E /* Debug */ = {
			isa = XCBuildConfiguration;
			buildSettings = {
				ALWAYS_SEARCH_USER_PATHS = NO;
				CLANG_ANALYZER_NONNULL = YES;
				CLANG_ANALYZER_NUMBER_OBJECT_CONVERSION = YES_AGGRESSIVE;
				CLANG_CXX_LANGUAGE_STANDARD = "gnu++17";
				CLANG_ENABLE_MODULES = YES;
				CLANG_ENABLE_OBJC_ARC = YES;
				CLANG_ENABLE_OBJC_WEAK = YES;
				CLANG_WARN_BLOCK_CAPTURE_AUTORELEASING = YES;
				CLANG_WARN_BOOL_CONVERSION = YES;
				CLANG_WARN_COMMA = YES;
				CLANG_WARN_CONSTANT_CONVERSION = YES;
				CLANG_WARN_DEPRECATED_OBJC_IMPLEMENTATIONS = YES;
				CLANG_WARN_DIRECT_OBJC_ISA_USAGE = YES_ERROR;
				CLANG_WARN_DOCUMENTATION_COMMENTS = YES;
				CLANG_WARN_EMPTY_BODY = YES;
				CLANG_WARN_ENUM_CONVERSION = YES;
				CLANG_WARN_INFINITE_RECURSION = YES;
				CLANG_WARN_INT_CONVERSION = YES;
				CLANG_WARN_NON_LITERAL_NULL_CONVERSION = YES;
				CLANG_WARN_OBJC_IMPLICIT_RETAIN_SELF = YES;
				CLANG_WARN_OBJC_LITERAL_CONVERSION = YES;
				CLANG_WARN_OBJC_ROOT_CLASS = YES_ERROR;
				CLANG_WARN_QUOTED_INCLUDE_IN_FRAMEWORK_HEADER = YES;
				CLANG_WARN_RANGE_LOOP_ANALYSIS = YES;
				CLANG_WARN_STRICT_PROTOTYPES = YES;
				CLANG_WARN_SUSPICIOUS_MOVE = YES;
				CLANG_WARN_UNGUARDED_AVAILABILITY = YES_AGGRESSIVE;
				CLANG_WARN_UNREACHABLE_CODE = YES;
				CLANG_WARN__DUPLICATE_METHOD_MATCH = YES;
				COPY_PHASE_STRIP = NO;
				DEBUG_INFORMATION_FORMAT = dwarf;
				ENABLE_STRICT_OBJC_MSGSEND = YES;
				ENABLE_TESTABILITY = YES;
				GCC_C_LANGUAGE_STANDARD = gnu11;
				GCC_DYNAMIC_NO_PIC = NO;
				GCC_NO_COMMON_BLOCKS = YES;
				GCC_OPTIMIZATION_LEVEL = 0;
				GCC_PREPROCESSOR_DEFINITIONS = (
					"DEBUG=1",
					"$(inherited)",
				);
				GCC_WARN_64_TO_32_BIT_CONVERSION = YES;
				GCC_WARN_ABOUT_RETURN_TYPE = YES_ERROR;
				GCC_WARN_UNDECLARED_SELECTOR = YES;
				GCC_WARN_UNINITIALIZED_AUTOS = YES_AGGRESSIVE;
				GCC_WARN_UNUSED_FUNCTION = YES;
				GCC_WARN_UNUSED_VARIABLE = YES;
				MTL_ENABLE_DEBUG_INFO = INCLUDE_SOURCE;
				MTL_FAST_MATH = YES;
				ONLY_ACTIVE_ARCH = YES;
				SWIFT_ACTIVE_COMPILATION_CONDITIONS = DEBUG;
				SWIFT_OPTIMIZATION_LEVEL = "-Onone";
			};
			name = Debug;
		};
		95EE119428886BAE00D0C12E /* Release */ = {
			isa = XCBuildConfiguration;
			buildSettings = {
				ALWAYS_SEARCH_USER_PATHS = NO;
				CLANG_ANALYZER_NONNULL = YES;
				CLANG_ANALYZER_NUMBER_OBJECT_CONVERSION = YES_AGGRESSIVE;
				CLANG_CXX_LANGUAGE_STANDARD = "gnu++17";
				CLANG_ENABLE_MODULES = YES;
				CLANG_ENABLE_OBJC_ARC = YES;
				CLANG_ENABLE_OBJC_WEAK = YES;
				CLANG_WARN_BLOCK_CAPTURE_AUTORELEASING = YES;
				CLANG_WARN_BOOL_CONVERSION = YES;
				CLANG_WARN_COMMA = YES;
				CLANG_WARN_CONSTANT_CONVERSION = YES;
				CLANG_WARN_DEPRECATED_OBJC_IMPLEMENTATIONS = YES;
				CLANG_WARN_DIRECT_OBJC_ISA_USAGE = YES_ERROR;
				CLANG_WARN_DOCUMENTATION_COMMENTS = YES;
				CLANG_WARN_EMPTY_BODY = YES;
				CLANG_WARN_ENUM_CONVERSION = YES;
				CLANG_WARN_INFINITE_RECURSION = YES;
				CLANG_WARN_INT_CONVERSION = YES;
				CLANG_WARN_NON_LITERAL_NULL_CONVERSION = YES;
				CLANG_WARN_OBJC_IMPLICIT_RETAIN_SELF = YES;
				CLANG_WARN_OBJC_LITERAL_CONVERSION = YES;
				CLANG_WARN_OBJC_ROOT_CLASS = YES_ERROR;
				CLANG_WARN_QUOTED_INCLUDE_IN_FRAMEWORK_HEADER = YES;
				CLANG_WARN_RANGE_LOOP_ANALYSIS = YES;
				CLANG_WARN_STRICT_PROTOTYPES = YES;
				CLANG_WARN_SUSPICIOUS_MOVE = YES;
				CLANG_WARN_UNGUARDED_AVAILABILITY = YES_AGGRESSIVE;
				CLANG_WARN_UNREACHABLE_CODE = YES;
				CLANG_WARN__DUPLICATE_METHOD_MATCH = YES;
				COPY_PHASE_STRIP = NO;
				DEBUG_INFORMATION_FORMAT = "dwarf-with-dsym";
				ENABLE_NS_ASSERTIONS = NO;
				ENABLE_STRICT_OBJC_MSGSEND = YES;
				GCC_C_LANGUAGE_STANDARD = gnu11;
				GCC_NO_COMMON_BLOCKS = YES;
				GCC_WARN_64_TO_32_BIT_CONVERSION = YES;
				GCC_WARN_ABOUT_RETURN_TYPE = YES_ERROR;
				GCC_WARN_UNDECLARED_SELECTOR = YES;
				GCC_WARN_UNINITIALIZED_AUTOS = YES_AGGRESSIVE;
				GCC_WARN_UNUSED_FUNCTION = YES;
				GCC_WARN_UNUSED_VARIABLE = YES;
				MTL_ENABLE_DEBUG_INFO = NO;
				MTL_FAST_MATH = YES;
				SWIFT_COMPILATION_MODE = wholemodule;
				SWIFT_OPTIMIZATION_LEVEL = "-O";
			};
			name = Release;
		};
		95EE119628886BAE00D0C12E /* Debug */ = {
			isa = XCBuildConfiguration;
			buildSettings = {
				ASSETCATALOG_COMPILER_APPICON_NAME = AppIcon;
				ASSETCATALOG_COMPILER_GLOBAL_ACCENT_COLOR_NAME = AccentColor;
				CODE_SIGN_STYLE = Automatic;
				CURRENT_PROJECT_VERSION = 1;
				DEVELOPMENT_TEAM = 74PJ2C24JA;
				ENABLE_PREVIEWS = YES;
				GENERATE_INFOPLIST_FILE = YES;
				INFOPLIST_KEY_UIApplicationSceneManifest_Generation = YES;
				INFOPLIST_KEY_UIApplicationSupportsIndirectInputEvents = YES;
				INFOPLIST_KEY_UILaunchScreen_Generation = YES;
				INFOPLIST_KEY_UISupportedInterfaceOrientations_iPad = "UIInterfaceOrientationPortrait UIInterfaceOrientationPortraitUpsideDown UIInterfaceOrientationLandscapeLeft UIInterfaceOrientationLandscapeRight";
				INFOPLIST_KEY_UISupportedInterfaceOrientations_iPhone = "UIInterfaceOrientationPortrait UIInterfaceOrientationLandscapeLeft UIInterfaceOrientationLandscapeRight";
				IPHONEOS_DEPLOYMENT_TARGET = 15.5;
				LD_RUNPATH_SEARCH_PATHS = (
					"$(inherited)",
					"@executable_path/Frameworks",
				);
				MARKETING_VERSION = 1.0;
				PRODUCT_BUNDLE_IDENTIFIER = com.Sharif.Cryptocurrency;
				PRODUCT_NAME = Cryptocurrency;
				SDKROOT = iphoneos;
				SWIFT_EMIT_LOC_STRINGS = YES;
				SWIFT_VERSION = 5.0;
				TARGETED_DEVICE_FAMILY = "1,2";
			};
			name = Debug;
		};
		95EE119728886BAE00D0C12E /* Release */ = {
			isa = XCBuildConfiguration;
			buildSettings = {
				ASSETCATALOG_COMPILER_APPICON_NAME = AppIcon;
				ASSETCATALOG_COMPILER_GLOBAL_ACCENT_COLOR_NAME = AccentColor;
				CODE_SIGN_STYLE = Automatic;
				CURRENT_PROJECT_VERSION = 1;
				DEVELOPMENT_TEAM = 74PJ2C24JA;
				ENABLE_PREVIEWS = YES;
				GENERATE_INFOPLIST_FILE = YES;
				INFOPLIST_KEY_UIApplicationSceneManifest_Generation = YES;
				INFOPLIST_KEY_UIApplicationSupportsIndirectInputEvents = YES;
				INFOPLIST_KEY_UILaunchScreen_Generation = YES;
				INFOPLIST_KEY_UISupportedInterfaceOrientations_iPad = "UIInterfaceOrientationPortrait UIInterfaceOrientationPortraitUpsideDown UIInterfaceOrientationLandscapeLeft UIInterfaceOrientationLandscapeRight";
				INFOPLIST_KEY_UISupportedInterfaceOrientations_iPhone = "UIInterfaceOrientationPortrait UIInterfaceOrientationLandscapeLeft UIInterfaceOrientationLandscapeRight";
				IPHONEOS_DEPLOYMENT_TARGET = 15.5;
				LD_RUNPATH_SEARCH_PATHS = (
					"$(inherited)",
					"@executable_path/Frameworks",
				);
				MARKETING_VERSION = 1.0;
				PRODUCT_BUNDLE_IDENTIFIER = com.Sharif.Cryptocurrency;
				PRODUCT_NAME = Cryptocurrency;
				SDKROOT = iphoneos;
				SWIFT_EMIT_LOC_STRINGS = YES;
				SWIFT_VERSION = 5.0;
				TARGETED_DEVICE_FAMILY = "1,2";
				VALIDATE_PRODUCT = YES;
			};
			name = Release;
		};
		95EE119928886BAE00D0C12E /* Debug */ = {
			isa = XCBuildConfiguration;
			buildSettings = {
				ASSETCATALOG_COMPILER_APPICON_NAME = AppIcon;
				ASSETCATALOG_COMPILER_GLOBAL_ACCENT_COLOR_NAME = AccentColor;
				CODE_SIGN_ENTITLEMENTS = macOS/macOS.entitlements;
				CODE_SIGN_STYLE = Automatic;
				COMBINE_HIDPI_IMAGES = YES;
				CURRENT_PROJECT_VERSION = 1;
				DEVELOPMENT_TEAM = 74PJ2C24JA;
				ENABLE_HARDENED_RUNTIME = YES;
				ENABLE_PREVIEWS = YES;
				GENERATE_INFOPLIST_FILE = YES;
				INFOPLIST_KEY_NSHumanReadableCopyright = "";
				LD_RUNPATH_SEARCH_PATHS = (
					"$(inherited)",
					"@executable_path/../Frameworks",
				);
				MACOSX_DEPLOYMENT_TARGET = 12.3;
				MARKETING_VERSION = 1.0;
				PRODUCT_BUNDLE_IDENTIFIER = com.Sharif.Cryptocurrency;
				PRODUCT_NAME = Cryptocurrency;
				SDKROOT = macosx;
				SWIFT_EMIT_LOC_STRINGS = YES;
				SWIFT_VERSION = 5.0;
			};
			name = Debug;
		};
		95EE119A28886BAE00D0C12E /* Release */ = {
			isa = XCBuildConfiguration;
			buildSettings = {
				ASSETCATALOG_COMPILER_APPICON_NAME = AppIcon;
				ASSETCATALOG_COMPILER_GLOBAL_ACCENT_COLOR_NAME = AccentColor;
				CODE_SIGN_ENTITLEMENTS = macOS/macOS.entitlements;
				CODE_SIGN_STYLE = Automatic;
				COMBINE_HIDPI_IMAGES = YES;
				CURRENT_PROJECT_VERSION = 1;
				DEVELOPMENT_TEAM = 74PJ2C24JA;
				ENABLE_HARDENED_RUNTIME = YES;
				ENABLE_PREVIEWS = YES;
				GENERATE_INFOPLIST_FILE = YES;
				INFOPLIST_KEY_NSHumanReadableCopyright = "";
				LD_RUNPATH_SEARCH_PATHS = (
					"$(inherited)",
					"@executable_path/../Frameworks",
				);
				MACOSX_DEPLOYMENT_TARGET = 12.3;
				MARKETING_VERSION = 1.0;
				PRODUCT_BUNDLE_IDENTIFIER = com.Sharif.Cryptocurrency;
				PRODUCT_NAME = Cryptocurrency;
				SDKROOT = macosx;
				SWIFT_EMIT_LOC_STRINGS = YES;
				SWIFT_VERSION = 5.0;
			};
			name = Release;
		};
/* End XCBuildConfiguration section */

/* Begin XCConfigurationList section */
		95EE117428886BAD00D0C12E /* Build configuration list for PBXProject "Cryptocurrency" */ = {
			isa = XCConfigurationList;
			buildConfigurations = (
				95EE119328886BAE00D0C12E /* Debug */,
				95EE119428886BAE00D0C12E /* Release */,
			);
			defaultConfigurationIsVisible = 0;
			defaultConfigurationName = Release;
		};
		95EE119528886BAE00D0C12E /* Build configuration list for PBXNativeTarget "Cryptocurrency (iOS)" */ = {
			isa = XCConfigurationList;
			buildConfigurations = (
				95EE119628886BAE00D0C12E /* Debug */,
				95EE119728886BAE00D0C12E /* Release */,
			);
			defaultConfigurationIsVisible = 0;
			defaultConfigurationName = Release;
		};
		95EE119828886BAE00D0C12E /* Build configuration list for PBXNativeTarget "Cryptocurrency (macOS)" */ = {
			isa = XCConfigurationList;
			buildConfigurations = (
				95EE119928886BAE00D0C12E /* Debug */,
				95EE119A28886BAE00D0C12E /* Release */,
			);
			defaultConfigurationIsVisible = 0;
			defaultConfigurationName = Release;
		};
/* End XCConfigurationList section */

/* Begin XCVersionGroup section */
		95EE117628886BAD00D0C12E /* Cryptocurrency.xcdatamodeld */ = {
			isa = XCVersionGroup;
			children = (
				95EE117728886BAD00D0C12E /* Shared.xcdatamodel */,
			);
			currentVersion = 95EE117728886BAD00D0C12E /* Shared.xcdatamodel */;
			path = Cryptocurrency.xcdatamodeld;
			sourceTree = "<group>";
			versionGroupType = wrapper.xcdatamodel;
		};
/* End XCVersionGroup section */
	};
	rootObject = 95EE117128886BAD00D0C12E /* Project object */;
}
